
Microsoft Visual Studio Solution File, Format Version 12.00
Project("{FAE04EC0-301F-11D3-BF4B-00C04F79EFBC}") = "Baila.CSharp.Repl", "Baila.CSharp.Repl\Baila.CSharp.Repl.csproj", "{0ECD91DF-1AC7-4105-8B47-0D6678703457}"
EndProject
Project("{FAE04EC0-301F-11D3-BF4B-00C04F79EFBC}") = "Baila.Tools.SyntaxHighlighter", "Baila.Tools.SyntaxHighlighter\Baila.Tools.SyntaxHighlighter.csproj", "{29E89F0E-0470-4204-B157-52C662D28CD4}"
EndProject
Project("{FAE04EC0-301F-11D3-BF4B-00C04F79EFBC}") = "Baila.CSharp", "Baila.CSharp\Baila.CSharp.csproj", "{12E2912F-20AD-46BB-8032-F77616413509}"
EndProject
Project("{FAE04EC0-301F-11D3-BF4B-00C04F79EFBC}") = "Baila.CSharp.Tests", "Baila.CSharp.Tests\Baila.CSharp.Tests.csproj", "{8DEB198C-E0F6-4BC2-A82E-744BEDC7D75F}"
EndProject
Global
	GlobalSection(SolutionConfigurationPlatforms) = preSolution
		Debug|Any CPU = Debug|Any CPU
		Release|Any CPU = Release|Any CPU
	EndGlobalSection
	GlobalSection(ProjectConfigurationPlatforms) = postSolution
		{0ECD91DF-1AC7-4105-8B47-0D6678703457}.Debug|Any CPU.ActiveCfg = Debug|Any CPU
		{0ECD91DF-1AC7-4105-8B47-0D6678703457}.Debug|Any CPU.Build.0 = Debug|Any CPU
		{0ECD91DF-1AC7-4105-8B47-0D6678703457}.Release|Any CPU.ActiveCfg = Release|Any CPU
		{0ECD91DF-1AC7-4105-8B47-0D6678703457}.Release|Any CPU.Build.0 = Release|Any CPU
		{29E89F0E-0470-4204-B157-52C662D28CD4}.Debug|Any CPU.ActiveCfg = Debug|Any CPU
		{29E89F0E-0470-4204-B157-52C662D28CD4}.Debug|Any CPU.Build.0 = Debug|Any CPU
		{29E89F0E-0470-4204-B157-52C662D28CD4}.Release|Any CPU.ActiveCfg = Release|Any CPU
		{29E89F0E-0470-4204-B157-52C662D28CD4}.Release|Any CPU.Build.0 = Release|Any CPU
		{12E2912F-20AD-46BB-8032-F77616413509}.Debug|Any CPU.ActiveCfg = Debug|Any CPU
		{12E2912F-20AD-46BB-8032-F77616413509}.Debug|Any CPU.Build.0 = Debug|Any CPU
		{12E2912F-20AD-46BB-8032-F77616413509}.Release|Any CPU.ActiveCfg = Release|Any CPU
		{12E2912F-20AD-46BB-8032-F77616413509}.Release|Any CPU.Build.0 = Release|Any CPU
		{8DEB198C-E0F6-4BC2-A82E-744BEDC7D75F}.Debug|Any CPU.ActiveCfg = Debug|Any CPU
		{8DEB198C-E0F6-4BC2-A82E-744BEDC7D75F}.Debug|Any CPU.Build.0 = Debug|Any CPU
		{8DEB198C-E0F6-4BC2-A82E-744BEDC7D75F}.Release|Any CPU.ActiveCfg = Release|Any CPU
		{8DEB198C-E0F6-4BC2-A82E-744BEDC7D75F}.Release|Any CPU.Build.0 = Release|Any CPU
	EndGlobalSection
EndGlobal
